# THIS IS AN AUTOGENERATED FILE. DO NOT EDIT THIS FILE DIRECTLY.
# yarn lockfile v1


"@next/env@12.1.0":
  version "12.1.0"
  resolved "https://registry.yarnpkg.com/@next/env/-/env-12.1.0.tgz#73713399399b34aa5a01771fb73272b55b22c314"
  integrity sha512-nrIgY6t17FQ9xxwH3jj0a6EOiQ/WDHUos35Hghtr+SWN/ntHIQ7UpuvSi0vaLzZVHQWaDupKI+liO5vANcDeTQ==

"@next/swc-android-arm64@12.1.0":
  version "12.1.0"
  resolved "https://registry.yarnpkg.com/@next/swc-android-arm64/-/swc-android-arm64-12.1.0.tgz#865ba3a9afc204ff2bdeea49dd64d58705007a39"
  integrity sha512-/280MLdZe0W03stA69iL+v6I+J1ascrQ6FrXBlXGCsGzrfMaGr7fskMa0T5AhQIVQD4nA/46QQWxG//DYuFBcA==

"@next/swc-darwin-arm64@12.1.0":
  version "12.1.0"
  resolved "https://registry.yarnpkg.com/@next/swc-darwin-arm64/-/swc-darwin-arm64-12.1.0.tgz#08e8b411b8accd095009ed12efbc2f1d4d547135"
  integrity sha512-R8vcXE2/iONJ1Unf5Ptqjk6LRW3bggH+8drNkkzH4FLEQkHtELhvcmJwkXcuipyQCsIakldAXhRbZmm3YN1vXg==

"@next/swc-darwin-x64@12.1.0":
  version "12.1.0"
  resolved "https://registry.yarnpkg.com/@next/swc-darwin-x64/-/swc-darwin-x64-12.1.0.tgz#fcd684497a76e8feaca88db3c394480ff0b007cd"
  integrity sha512-ieAz0/J0PhmbZBB8+EA/JGdhRHBogF8BWaeqR7hwveb6SYEIJaDNQy0I+ZN8gF8hLj63bEDxJAs/cEhdnTq+ug==

"@next/swc-linux-arm-gnueabihf@12.1.0":
  version "12.1.0"
  resolved "https://registry.yarnpkg.com/@next/swc-linux-arm-gnueabihf/-/swc-linux-arm-gnueabihf-12.1.0.tgz#9ec6380a27938a5799aaa6035c205b3c478468a7"
  integrity sha512-njUd9hpl6o6A5d08dC0cKAgXKCzm5fFtgGe6i0eko8IAdtAPbtHxtpre3VeSxdZvuGFh+hb0REySQP9T1ttkog==

"@next/swc-linux-arm64-gnu@12.1.0":
  version "12.1.0"
  resolved "https://registry.yarnpkg.com/@next/swc-linux-arm64-gnu/-/swc-linux-arm64-gnu-12.1.0.tgz#7f4196dff1049cea479607c75b81033ae2dbd093"
  integrity sha512-OqangJLkRxVxMhDtcb7Qn1xjzFA3s50EIxY7mljbSCLybU+sByPaWAHY4px97ieOlr2y4S0xdPKkQ3BCAwyo6Q==

"@next/swc-linux-arm64-musl@12.1.0":
  version "12.1.0"
  resolved "https://registry.yarnpkg.com/@next/swc-linux-arm64-musl/-/swc-linux-arm64-musl-12.1.0.tgz#b445f767569cdc2dddee785ca495e1a88c025566"
  integrity sha512-hB8cLSt4GdmOpcwRe2UzI5UWn6HHO/vLkr5OTuNvCJ5xGDwpPXelVkYW/0+C3g5axbDW2Tym4S+MQCkkH9QfWA==

"@next/swc-linux-x64-gnu@12.1.0":
  version "12.1.0"
  resolved "https://registry.yarnpkg.com/@next/swc-linux-x64-gnu/-/swc-linux-x64-gnu-12.1.0.tgz#67610e9be4fbc987de7535f1bcb17e45fe12f90e"
  integrity sha512-OKO4R/digvrVuweSw/uBM4nSdyzsBV5EwkUeeG4KVpkIZEe64ZwRpnFB65bC6hGwxIBnTv5NMSnJ+0K/WmG78A==

"@next/swc-linux-x64-musl@12.1.0":
  version "12.1.0"
  resolved "https://registry.yarnpkg.com/@next/swc-linux-x64-musl/-/swc-linux-x64-musl-12.1.0.tgz#ea19a23db08a9f2e34ac30401f774cf7d1669d31"
  integrity sha512-JohhgAHZvOD3rQY7tlp7NlmvtvYHBYgY0x5ZCecUT6eCCcl9lv6iV3nfu82ErkxNk1H893fqH0FUpznZ/H3pSw==

"@next/swc-win32-arm64-msvc@12.1.0":
  version "12.1.0"
  resolved "https://registry.yarnpkg.com/@next/swc-win32-arm64-msvc/-/swc-win32-arm64-msvc-12.1.0.tgz#eadf054fc412085659b98e145435bbba200b5283"
  integrity sha512-T/3gIE6QEfKIJ4dmJk75v9hhNiYZhQYAoYm4iVo1TgcsuaKLFa+zMPh4056AHiG6n9tn2UQ1CFE8EoybEsqsSw==

"@next/swc-win32-ia32-msvc@12.1.0":
  version "12.1.0"
  resolved "https://registry.yarnpkg.com/@next/swc-win32-ia32-msvc/-/swc-win32-ia32-msvc-12.1.0.tgz#68faeae10c89f698bf9d28759172b74c9c21bda1"
  integrity sha512-iwnKgHJdqhIW19H9PRPM9j55V6RdcOo6rX+5imx832BCWzkDbyomWnlzBfr6ByUYfhohb8QuH4hSGEikpPqI0Q==

"@next/swc-win32-x64-msvc@12.1.0":
  version "12.1.0"
  resolved "https://registry.yarnpkg.com/@next/swc-win32-x64-msvc/-/swc-win32-x64-msvc-12.1.0.tgz#d27e7e76c87a460a4da99c5bfdb1618dcd6cd064"
  integrity sha512-aBvcbMwuanDH4EMrL2TthNJy+4nP59Bimn8egqv6GHMVj0a44cU6Au4PjOhLNqEh9l+IpRGBqMTzec94UdC5xg==

"@types/mdast@^3.0.0":
  version "3.0.3"
  resolved "https://registry.yarnpkg.com/@types/mdast/-/mdast-3.0.3.tgz#2d7d671b1cd1ea3deb306ea75036c2a0407d2deb"
  integrity sha512-SXPBMnFVQg1s00dlMCc/jCdvPqdE4mXaMMCeRlxLDmTAEoegHT53xKtkDnzDTOcmMHUfcjyf36/YYZ6SxRdnsw==
  dependencies:
    "@types/unist" "*"

"@types/node@^14.14.12":
  version "14.14.12"
  resolved "https://registry.yarnpkg.com/@types/node/-/node-14.14.12.tgz#0b1d86f8c40141091285dea02e4940df73bba43f"
  integrity sha512-ASH8OPHMNlkdjrEdmoILmzFfsJICvhBsFfAum4aKZ/9U4B6M6tTmTPh+f3ttWdD74CEGV5XvXWkbyfSdXaTd7g==

"@types/prop-types@*":
  version "15.7.3"
  resolved "https://registry.yarnpkg.com/@types/prop-types/-/prop-types-15.7.3.tgz#2ab0d5da2e5815f94b0b9d4b95d1e5f243ab2ca7"
  integrity sha512-KfRL3PuHmqQLOG+2tGpRO26Ctg+Cq1E01D2DMriKEATHgWLfeNDmq9e29Q9WIky0dQ3NPkd1mzYH8Lm936Z9qw==

"@types/react@^17.0.0":
  version "17.0.0"
  resolved "https://registry.yarnpkg.com/@types/react/-/react-17.0.0.tgz#5af3eb7fad2807092f0046a1302b7823e27919b8"
  integrity sha512-aj/L7RIMsRlWML3YB6KZiXB3fV2t41+5RBGYF8z+tAKU43Px8C3cYUZsDvf1/+Bm4FK21QWBrDutu8ZJ/70qOw==
  dependencies:
    "@types/prop-types" "*"
    csstype "^3.0.2"

"@types/unist@*", "@types/unist@^2.0.0", "@types/unist@^2.0.2":
  version "2.0.3"
  resolved "https://registry.yarnpkg.com/@types/unist/-/unist-2.0.3.tgz#9c088679876f374eb5983f150d4787aa6fb32d7e"
  integrity sha512-FvUupuM3rlRsRtCN+fDudtmytGO6iHJuuRKS1Ss0pG5z8oX0diNEw94UEL7hgDbpN94rgaK5R7sWm6RrSkZuAQ==

argparse@^1.0.7:
  version "1.0.10"
  resolved "https://registry.yarnpkg.com/argparse/-/argparse-1.0.10.tgz#bcd6791ea5ae09725e17e5ad988134cd40b3d911"
  integrity sha512-o5Roy6tNG4SL/FOkCAN6RzjiakZS25RLYFrcMttJqbdd8BWrnA+fGz57iN5Pb06pvBGvl5gQ0B48dJlslXvoTg==
  dependencies:
    sprintf-js "~1.0.2"

bail@^1.0.0:
  version "1.0.5"
  resolved "https://registry.yarnpkg.com/bail/-/bail-1.0.5.tgz#b6fa133404a392cbc1f8c4bf63f5953351e7a776"
  integrity sha512-xFbRxM1tahm08yHBP16MMjVUAvDaBMD38zsM9EMAUN61omwLmKlOpB/Zku5QkjZ8TZ4vn53pj+t518cH0S03RQ==

caniuse-lite@^1.0.30001283:
  version "1.0.30001312"
  resolved "https://registry.yarnpkg.com/caniuse-lite/-/caniuse-lite-1.0.30001312.tgz#e11eba4b87e24d22697dae05455d5aea28550d5f"
  integrity sha512-Wiz1Psk2MEK0pX3rUzWaunLTZzqS2JYZFzNKqAiJGiuxIjRPLgV6+VDPOg6lQOUxmDwhTlh198JsTTi8Hzw6aQ==

ccount@^1.0.0:
  version "1.1.0"
  resolved "https://registry.yarnpkg.com/ccount/-/ccount-1.1.0.tgz#246687debb6014735131be8abab2d93898f8d043"
  integrity sha512-vlNK021QdI7PNeiUh/lKkC/mNHHfV0m/Ad5JoI0TYtlBnJAslM/JIkm/tGC88bkLIwO6OQ5uV6ztS6kVAtCDlg==

character-entities-html4@^1.0.0:
  version "1.1.4"
  resolved "https://registry.yarnpkg.com/character-entities-html4/-/character-entities-html4-1.1.4.tgz#0e64b0a3753ddbf1fdc044c5fd01d0199a02e125"
  integrity sha512-HRcDxZuZqMx3/a+qrzxdBKBPUpxWEq9xw2OPZ3a/174ihfrQKVsFhqtthBInFy1zZ9GgZyFXOatNujm8M+El3g==

character-entities-legacy@^1.0.0:
  version "1.1.4"
  resolved "https://registry.yarnpkg.com/character-entities-legacy/-/character-entities-legacy-1.1.4.tgz#94bc1845dce70a5bb9d2ecc748725661293d8fc1"
  integrity sha512-3Xnr+7ZFS1uxeiUDvV02wQ+QDbc55o97tIV5zHScSPJpcLm/r0DFPcoY3tYRp+VZukxuMeKgXYmsXQHO05zQeA==

character-entities@^1.0.0:
  version "1.2.4"
  resolved "https://registry.yarnpkg.com/character-entities/-/character-entities-1.2.4.tgz#e12c3939b7eaf4e5b15e7ad4c5e28e1d48c5b16b"
  integrity sha512-iBMyeEHxfVnIakwOuDXpVkc54HijNgCyQB2w0VfGQThle6NXn50zU6V/u+LDhxHcDUPojn6Kpga3PTAD8W1bQw==

character-reference-invalid@^1.0.0:
  version "1.1.4"
  resolved "https://registry.yarnpkg.com/character-reference-invalid/-/character-reference-invalid-1.1.4.tgz#083329cda0eae272ab3dbbf37e9a382c13af1560"
  integrity sha512-mKKUkUbhPpQlCOfIuZkvSEgktjPFIsZKRRbC6KWVEMvlzblj3i3asQv5ODsrwt0N3pHAEvjP8KTQPHkp0+6jOg==

collapse-white-space@^1.0.2:
  version "1.0.6"
  resolved "https://registry.yarnpkg.com/collapse-white-space/-/collapse-white-space-1.0.6.tgz#e63629c0016665792060dbbeb79c42239d2c5287"
  integrity sha512-jEovNnrhMuqyCcjfEJA56v0Xq8SkIoPKDyaHahwo3POf4qcSXqMYuwNcOTzp74vTsR9Tn08z4MxWqAhcekogkQ==

comma-separated-tokens@^1.0.0:
  version "1.0.8"
  resolved "https://registry.yarnpkg.com/comma-separated-tokens/-/comma-separated-tokens-1.0.8.tgz#632b80b6117867a158f1080ad498b2fbe7e3f5ea"
  integrity sha512-GHuDRO12Sypu2cV70d1dkA2EUmXHgntrzbpvOB+Qy+49ypNfGgFQIC2fhhXbnyrJRynDCAARsT7Ou0M6hirpfw==

csstype@^3.0.2:
  version "3.0.5"
  resolved "https://registry.yarnpkg.com/csstype/-/csstype-3.0.5.tgz#7fdec6a28a67ae18647c51668a9ff95bb2fa7bb8"
  integrity sha512-uVDi8LpBUKQj6sdxNaTetL6FpeCqTjOvAQuQUa/qAqq8oOd4ivkbhgnqayl0dnPal8Tb/yB1tF+gOvCBiicaiQ==

date-fns@^2.11.1:
  version "2.16.1"
  resolved "https://registry.yarnpkg.com/date-fns/-/date-fns-2.16.1.tgz#05775792c3f3331da812af253e1a935851d3834b"
  integrity sha512-sAJVKx/FqrLYHAQeN7VpJrPhagZc9R4ImZIWYRFZaaohR3KzmuK88touwsSwSVT8Qcbd4zoDsnGfX4GFB4imyQ==

esprima@^4.0.0:
  version "4.0.1"
  resolved "https://registry.yarnpkg.com/esprima/-/esprima-4.0.1.tgz#13b04cdb3e6c5d19df91ab6987a8695619b0aa71"
  integrity sha512-eGuFFw7Upda+g4p+QHvnW0RyTX/SVeJBDM/gCtMARO0cLuT2HcEKnTPvhjV6aGeqrCB/sbNop0Kszm0jsaWU4A==

extend-shallow@^2.0.1:
  version "2.0.1"
  resolved "https://registry.yarnpkg.com/extend-shallow/-/extend-shallow-2.0.1.tgz#51af7d614ad9a9f610ea1bafbb989d6b1c56890f"
  integrity sha1-Ua99YUrZqfYQ6huvu5idaxxWiQ8=
  dependencies:
    is-extendable "^0.1.0"

extend@^3.0.0:
  version "3.0.2"
  resolved "https://registry.yarnpkg.com/extend/-/extend-3.0.2.tgz#f8b1136b4071fbd8eb140aff858b1019ec2915fa"
  integrity sha512-fjquC59cD7CyW6urNXK0FBufkZcoiGG80wTuPujX590cB5Ttln20E2UB4S/WARVqhXffZl2LNgS+gQdPIIim/g==

gray-matter@^4.0.2:
  version "4.0.2"
  resolved "https://registry.yarnpkg.com/gray-matter/-/gray-matter-4.0.2.tgz#9aa379e3acaf421193fce7d2a28cebd4518ac454"
  integrity sha512-7hB/+LxrOjq/dd8APlK0r24uL/67w7SkYnfwhNFwg/VDIGWGmduTDYf3WNstLW2fbbmRwrDGCVSJ2isuf2+4Hw==
  dependencies:
    js-yaml "^3.11.0"
    kind-of "^6.0.2"
    section-matter "^1.0.0"
    strip-bom-string "^1.0.0"

hast-util-is-element@^1.0.0:
  version "1.1.0"
  resolved "https://registry.yarnpkg.com/hast-util-is-element/-/hast-util-is-element-1.1.0.tgz#3b3ed5159a2707c6137b48637fbfe068e175a425"
  integrity sha512-oUmNua0bFbdrD/ELDSSEadRVtWZOf3iF6Lbv81naqsIV99RnSCieTbWuWCY8BAeEfKJTKl0gRdokv+dELutHGQ==

hast-util-sanitize@^3.0.0:
  version "3.0.2"
  resolved "https://registry.yarnpkg.com/hast-util-sanitize/-/hast-util-sanitize-3.0.2.tgz#b0b783220af528ba8fe6999f092d138908678520"
  integrity sha512-+2I0x2ZCAyiZOO/sb4yNLFmdwPBnyJ4PBkVTUMKMqBwYNA+lXSgOmoRXlJFazoyid9QPogRRKgKhVEodv181sA==
  dependencies:
    xtend "^4.0.0"

hast-util-to-html@^7.0.0:
  version "7.1.2"
  resolved "https://registry.yarnpkg.com/hast-util-to-html/-/hast-util-to-html-7.1.2.tgz#db677f0ee483658cea0eecc9dec30aba42b67111"
  integrity sha512-pu73bvORzdF6XZgwl9eID/0RjBb/jtRfoGRRSykpR1+o9rCdiAHpgkSukZsQBRlIqMg6ylAcd7F0F7myJUb09Q==
  dependencies:
    ccount "^1.0.0"
    comma-separated-tokens "^1.0.0"
    hast-util-is-element "^1.0.0"
    hast-util-whitespace "^1.0.0"
    html-void-elements "^1.0.0"
    property-information "^5.0.0"
    space-separated-tokens "^1.0.0"
    stringify-entities "^3.0.1"
    unist-util-is "^4.0.0"
    xtend "^4.0.0"

hast-util-whitespace@^1.0.0:
  version "1.0.4"
  resolved "https://registry.yarnpkg.com/hast-util-whitespace/-/hast-util-whitespace-1.0.4.tgz#e4fe77c4a9ae1cb2e6c25e02df0043d0164f6e41"
  integrity sha512-I5GTdSfhYfAPNztx2xJRQpG8cuDSNt599/7YUn7Gx/WxNMsG+a835k97TDkFgk123cwjfwINaZknkKkphx/f2A==

html-void-elements@^1.0.0:
  version "1.0.5"
  resolved "https://registry.yarnpkg.com/html-void-elements/-/html-void-elements-1.0.5.tgz#ce9159494e86d95e45795b166c2021c2cfca4483"
  integrity sha512-uE/TxKuyNIcx44cIWnjr/rfIATDH7ZaOMmstu0CwhFG1Dunhlp4OC6/NMbhiwoq5BpW0ubi303qnEk/PZj614w==

inherits@^2.0.0:
  version "2.0.4"
  resolved "https://registry.yarnpkg.com/inherits/-/inherits-2.0.4.tgz#0fa2c64f932917c3433a0ded55363aae37416b7c"
  integrity sha512-k/vGaX4/Yla3WzyMCvTQOXYeIHvqOKtnqBduzTHpzpQZzAskKMhZ2K+EnBiSM9zGSoIFeMpXKxa4dYeZIQqewQ==

is-alphabetical@^1.0.0:
  version "1.0.4"
  resolved "https://registry.yarnpkg.com/is-alphabetical/-/is-alphabetical-1.0.4.tgz#9e7d6b94916be22153745d184c298cbf986a686d"
  integrity sha512-DwzsA04LQ10FHTZuL0/grVDk4rFoVH1pjAToYwBrHSxcrBIGQuXrQMtD5U1b0U2XVgKZCTLLP8u2Qxqhy3l2Vg==

is-alphanumeric@^1.0.0:
  version "1.0.0"
  resolved "https://registry.yarnpkg.com/is-alphanumeric/-/is-alphanumeric-1.0.0.tgz#4a9cef71daf4c001c1d81d63d140cf53fd6889f4"
  integrity sha1-Spzvcdr0wAHB2B1j0UDPU/1oifQ=

is-alphanumerical@^1.0.0:
  version "1.0.4"
  resolved "https://registry.yarnpkg.com/is-alphanumerical/-/is-alphanumerical-1.0.4.tgz#7eb9a2431f855f6b1ef1a78e326df515696c4dbf"
  integrity sha512-UzoZUr+XfVz3t3v4KyGEniVL9BDRoQtY7tOyrRybkVNjDFWyo1yhXNGrrBTQxp3ib9BLAWs7k2YKBQsFRkZG9A==
  dependencies:
    is-alphabetical "^1.0.0"
    is-decimal "^1.0.0"

is-buffer@^2.0.0:
  version "2.0.5"
  resolved "https://registry.yarnpkg.com/is-buffer/-/is-buffer-2.0.5.tgz#ebc252e400d22ff8d77fa09888821a24a658c191"
  integrity sha512-i2R6zNFDwgEHJyQUtJEk0XFi1i0dPFn/oqjK3/vPCcDeJvW5NQ83V8QbicfF1SupOaB0h8ntgBC2YiE7dfyctQ==

is-decimal@^1.0.0:
  version "1.0.4"
  resolved "https://registry.yarnpkg.com/is-decimal/-/is-decimal-1.0.4.tgz#65a3a5958a1c5b63a706e1b333d7cd9f630d3fa5"
  integrity sha512-RGdriMmQQvZ2aqaQq3awNA6dCGtKpiDFcOzrTWrDAT2MiWrKQVPmxLGHl7Y2nNu6led0kEyoX0enY0qXYsv9zw==

is-extendable@^0.1.0:
  version "0.1.1"
  resolved "https://registry.yarnpkg.com/is-extendable/-/is-extendable-0.1.1.tgz#62b110e289a471418e3ec36a617d472e301dfc89"
  integrity sha1-YrEQ4omkcUGOPsNqYX1HLjAd/Ik=

is-hexadecimal@^1.0.0:
  version "1.0.4"
  resolved "https://registry.yarnpkg.com/is-hexadecimal/-/is-hexadecimal-1.0.4.tgz#cc35c97588da4bd49a8eedd6bc4082d44dcb23a7"
  integrity sha512-gyPJuv83bHMpocVYoqof5VDiZveEoGoFL8m3BXNb2VW8Xs+rz9kqO8LOQ5DH6EsuvilT1ApazU0pyl+ytbPtlw==

is-plain-obj@^2.0.0:
  version "2.1.0"
  resolved "https://registry.yarnpkg.com/is-plain-obj/-/is-plain-obj-2.1.0.tgz#45e42e37fccf1f40da8e5f76ee21515840c09287"
  integrity sha512-YWnfyRwxL/+SsrWYfOpUtz5b3YD+nyfkHvjbcanzk8zgyO4ASD67uVMRt8k5bM4lLMDnXfriRhOpemw+NfT1eA==

is-whitespace-character@^1.0.0:
  version "1.0.4"
  resolved "https://registry.yarnpkg.com/is-whitespace-character/-/is-whitespace-character-1.0.4.tgz#0858edd94a95594c7c9dd0b5c174ec6e45ee4aa7"
  integrity sha512-SDweEzfIZM0SJV0EUga669UTKlmL0Pq8Lno0QDQsPnvECB3IM2aP0gdx5TrU0A01MAPfViaZiI2V1QMZLaKK5w==

is-word-character@^1.0.0:
  version "1.0.4"
  resolved "https://registry.yarnpkg.com/is-word-character/-/is-word-character-1.0.4.tgz#ce0e73216f98599060592f62ff31354ddbeb0230"
  integrity sha512-5SMO8RVennx3nZrqtKwCGyyetPE9VDba5ugvKLaD4KopPG5kR4mQ7tNt/r7feL5yt5h3lpuBbIUmCOG2eSzXHA==

"js-tokens@^3.0.0 || ^4.0.0":
  version "4.0.0"
  resolved "https://registry.yarnpkg.com/js-tokens/-/js-tokens-4.0.0.tgz#19203fb59991df98e3a287050d4647cdeaf32499"
  integrity sha512-RdJUflcE3cUzKiMqQgsCu06FPu9UdIJO0beYbPhHN4k6apgJtifcoCtT9bcxOpYBtpD2kCM6Sbzg4CausW/PKQ==

js-yaml@^3.11.0:
  version "3.14.1"
  resolved "https://registry.yarnpkg.com/js-yaml/-/js-yaml-3.14.1.tgz#dae812fdb3825fa306609a8717383c50c36a0537"
  integrity sha512-okMH7OXXJ7YrN9Ok3/SXrnu4iX9yOk+25nqX4imS2npuvTYDmo/QEZoqwZkYaIDk3jVvBOTOIEgEhaLOynBS9g==
  dependencies:
    argparse "^1.0.7"
    esprima "^4.0.0"

kind-of@^6.0.0, kind-of@^6.0.2:
  version "6.0.3"
  resolved "https://registry.yarnpkg.com/kind-of/-/kind-of-6.0.3.tgz#07c05034a6c349fa06e24fa35aa76db4580ce4dd"
  integrity sha512-dcS1ul+9tmeD95T+x28/ehLgd9mENa3LsvDTtzm3vyBEO7RPptvAD+t44WVXaUjTBRcrpFeFlC8WCruUR456hw==

longest-streak@^2.0.1:
  version "2.0.4"
  resolved "https://registry.yarnpkg.com/longest-streak/-/longest-streak-2.0.4.tgz#b8599957da5b5dab64dee3fe316fa774597d90e4"
  integrity sha512-vM6rUVCVUJJt33bnmHiZEvr7wPT78ztX7rojL+LW51bHtLh6HTjx84LA5W4+oa6aKEJA7jJu5LR6vQRBpA5DVg==

loose-envify@^1.1.0, loose-envify@^1.4.0:
  version "1.4.0"
  resolved "https://registry.yarnpkg.com/loose-envify/-/loose-envify-1.4.0.tgz#71ee51fa7be4caec1a63839f7e682d8132d30caf"
  integrity sha512-lyuxPGr/Wfhrlem2CL/UcnUc1zcqKAImBDzukY7Y5F/yQiNdko6+fRLevlw1HgMySw7f611UIY408EtxRSoK3Q==
  dependencies:
    js-tokens "^3.0.0 || ^4.0.0"

markdown-escapes@^1.0.0:
  version "1.0.4"
  resolved "https://registry.yarnpkg.com/markdown-escapes/-/markdown-escapes-1.0.4.tgz#c95415ef451499d7602b91095f3c8e8975f78535"
  integrity sha512-8z4efJYk43E0upd0NbVXwgSTQs6cT3T06etieCMEg7dRbzCbxUCK/GHlX8mhHRDcp+OLlHkPKsvqQTCvsRl2cg==

markdown-table@^2.0.0:
  version "2.0.0"
  resolved "https://registry.yarnpkg.com/markdown-table/-/markdown-table-2.0.0.tgz#194a90ced26d31fe753d8b9434430214c011865b"
  integrity sha512-Ezda85ToJUBhM6WGaG6veasyym+Tbs3cMAw/ZhOPqXiYsr0jgocBV3j3nx+4lk47plLlIqjwuTm/ywVI+zjJ/A==
  dependencies:
    repeat-string "^1.0.0"

mdast-util-compact@^2.0.0:
  version "2.0.1"
  resolved "https://registry.yarnpkg.com/mdast-util-compact/-/mdast-util-compact-2.0.1.tgz#cabc69a2f43103628326f35b1acf735d55c99490"
  integrity sha512-7GlnT24gEwDrdAwEHrU4Vv5lLWrEer4KOkAiKT9nYstsTad7Oc1TwqT2zIMKRdZF7cTuaf+GA1E4Kv7jJh8mPA==
  dependencies:
    unist-util-visit "^2.0.0"

mdast-util-definitions@^3.0.0:
  version "3.0.1"
  resolved "https://registry.yarnpkg.com/mdast-util-definitions/-/mdast-util-definitions-3.0.1.tgz#06af6c49865fc63d6d7d30125569e2f7ae3d0a86"
  integrity sha512-BAv2iUm/e6IK/b2/t+Fx69EL/AGcq/IG2S+HxHjDJGfLJtd6i9SZUS76aC9cig+IEucsqxKTR0ot3m933R3iuA==
  dependencies:
    unist-util-visit "^2.0.0"

mdast-util-to-hast@^9.0.0:
  version "9.1.2"
  resolved "https://registry.yarnpkg.com/mdast-util-to-hast/-/mdast-util-to-hast-9.1.2.tgz#10fa5ed9d45bf3755891e5801d0f32e2584a9423"
  integrity sha512-OpkFLBC2VnNAb2FNKcKWu9FMbJhQKog+FCT8nuKmQNIKXyT1n3SIskE7uWDep6x+cA20QXlK5AETHQtYmQmxtQ==
  dependencies:
    "@types/mdast" "^3.0.0"
    "@types/unist" "^2.0.0"
    mdast-util-definitions "^3.0.0"
    mdurl "^1.0.0"
    unist-builder "^2.0.0"
    unist-util-generated "^1.0.0"
    unist-util-position "^3.0.0"
    unist-util-visit "^2.0.0"

mdurl@^1.0.0:
  version "1.0.1"
  resolved "https://registry.yarnpkg.com/mdurl/-/mdurl-1.0.1.tgz#fe85b2ec75a59037f2adfec100fd6c601761152e"
  integrity sha1-/oWy7HWlkDfyrf7BAP1sYBdhFS4=

nanoid@^3.1.30:
  version "3.3.1"
  resolved "https://registry.yarnpkg.com/nanoid/-/nanoid-3.3.1.tgz#6347a18cac88af88f58af0b3594b723d5e99bb35"
  integrity sha512-n6Vs/3KGyxPQd6uO0eH4Bv0ojGSUvuLlIHtC3Y0kEO23YRge8H9x1GCzLn28YX0H66pMkxuaeESFq4tKISKwdw==

next@^12.1.0:
  version "12.1.0"
  resolved "https://registry.yarnpkg.com/next/-/next-12.1.0.tgz#c33d753b644be92fc58e06e5a214f143da61dd5d"
  integrity sha512-s885kWvnIlxsUFHq9UGyIyLiuD0G3BUC/xrH0CEnH5lHEWkwQcHOORgbDF0hbrW9vr/7am4ETfX4A7M6DjrE7Q==
  dependencies:
    "@next/env" "12.1.0"
    caniuse-lite "^1.0.30001283"
    postcss "8.4.5"
    styled-jsx "5.0.0"
    use-subscription "1.5.1"
  optionalDependencies:
    "@next/swc-android-arm64" "12.1.0"
    "@next/swc-darwin-arm64" "12.1.0"
    "@next/swc-darwin-x64" "12.1.0"
    "@next/swc-linux-arm-gnueabihf" "12.1.0"
    "@next/swc-linux-arm64-gnu" "12.1.0"
    "@next/swc-linux-arm64-musl" "12.1.0"
    "@next/swc-linux-x64-gnu" "12.1.0"
    "@next/swc-linux-x64-musl" "12.1.0"
    "@next/swc-win32-arm64-msvc" "12.1.0"
    "@next/swc-win32-ia32-msvc" "12.1.0"
    "@next/swc-win32-x64-msvc" "12.1.0"

object-assign@^4.1.1:
  version "4.1.1"
  resolved "https://registry.yarnpkg.com/object-assign/-/object-assign-4.1.1.tgz#2109adc7965887cfc05cbbd442cac8bfbb360863"
  integrity sha1-IQmtx5ZYh8/AXLvUQsrIv7s2CGM=

parse-entities@^2.0.0:
  version "2.0.0"
  resolved "https://registry.yarnpkg.com/parse-entities/-/parse-entities-2.0.0.tgz#53c6eb5b9314a1f4ec99fa0fdf7ce01ecda0cbe8"
  integrity sha512-kkywGpCcRYhqQIchaWqZ875wzpS/bMKhz5HnN3p7wveJTkTtyAB/AlnS0f8DFSqYW1T82t6yEAkEcB+A1I3MbQ==
  dependencies:
    character-entities "^1.0.0"
    character-entities-legacy "^1.0.0"
    character-reference-invalid "^1.0.0"
    is-alphanumerical "^1.0.0"
    is-decimal "^1.0.0"
    is-hexadecimal "^1.0.0"

picocolors@^1.0.0:
  version "1.0.0"
  resolved "https://registry.yarnpkg.com/picocolors/-/picocolors-1.0.0.tgz#cb5bdc74ff3f51892236eaf79d68bc44564ab81c"
  integrity sha512-1fygroTLlHu66zi26VoTDv8yRgm0Fccecssto+MhsZ0D/DGW2sm8E8AjW7NU5VVTRt5GxbeZ5qBuJr+HyLYkjQ==

postcss@8.4.5:
  version "8.4.5"
  resolved "https://registry.yarnpkg.com/postcss/-/postcss-8.4.5.tgz#bae665764dfd4c6fcc24dc0fdf7e7aa00cc77f95"
  integrity sha512-jBDboWM8qpaqwkMwItqTQTiFikhs/67OYVvblFFTM7MrZjt6yMKd6r2kgXizEbTTljacm4NldIlZnhbjr84QYg==
  dependencies:
    nanoid "^3.1.30"
    picocolors "^1.0.0"
    source-map-js "^1.0.1"

prop-types@^15.6.2:
  version "15.7.2"
  resolved "https://registry.yarnpkg.com/prop-types/-/prop-types-15.7.2.tgz#52c41e75b8c87e72b9d9360e0206b99dcbffa6c5"
  integrity sha512-8QQikdH7//R2vurIJSutZ1smHYTcLpRWEOlHnzcWHmBYrOGUysKwSsrC89BCiFj3CbrfJ/nXFdJepOVrY1GCHQ==
  dependencies:
    loose-envify "^1.4.0"
    object-assign "^4.1.1"
    react-is "^16.8.1"

property-information@^5.0.0:
  version "5.6.0"
  resolved "https://registry.yarnpkg.com/property-information/-/property-information-5.6.0.tgz#61675545fb23002f245c6540ec46077d4da3ed69"
  integrity sha512-YUHSPk+A30YPv+0Qf8i9Mbfe/C0hdPXk1s1jPVToV8pk8BQtpw10ct89Eo7OWkutrwqvT0eicAxlOg3dOAu8JA==
  dependencies:
    xtend "^4.0.0"

react-dom@16.13.1:
  version "16.13.1"
  resolved "https://registry.yarnpkg.com/react-dom/-/react-dom-16.13.1.tgz#c1bd37331a0486c078ee54c4740720993b2e0e7f"
  integrity sha512-81PIMmVLnCNLO/fFOQxdQkvEq/+Hfpv24XNJfpyZhTRfO0QcmQIF/PgCa1zCOj2w1hrn12MFLyaJ/G0+Mxtfag==
  dependencies:
    loose-envify "^1.1.0"
    object-assign "^4.1.1"
    prop-types "^15.6.2"
    scheduler "^0.19.1"

react-is@^16.8.1:
  version "16.13.1"
  resolved "https://registry.yarnpkg.com/react-is/-/react-is-16.13.1.tgz#789729a4dc36de2999dc156dd6c1d9c18cea56a4"
  integrity sha512-24e6ynE2H+OKt4kqsOvNd8kBpV65zoxbA4BVsEOB3ARVWQki/DHzaUoC5KuON/BiccDaCCTZBuOcfZs70kR8bQ==

react@16.13.1:
  version "16.13.1"
  resolved "https://registry.yarnpkg.com/react/-/react-16.13.1.tgz#2e818822f1a9743122c063d6410d85c1e3afe48e"
  integrity sha512-YMZQQq32xHLX0bz5Mnibv1/LHb3Sqzngu7xstSM+vrkE5Kzr9xE0yMByK5kMoTK30YVJE61WfbxIFFvfeDKT1w==
  dependencies:
    loose-envify "^1.1.0"
    object-assign "^4.1.1"
    prop-types "^15.6.2"

remark-html@^12.0.0:
  version "12.0.0"
  resolved "https://registry.yarnpkg.com/remark-html/-/remark-html-12.0.0.tgz#f39d2a5e173cce777981cb4171b4ea860313d72a"
  integrity sha512-M104NMHs48+uswChJkCDXCdabzxAinpHikpt6kS3gmGMyIvPZ5kn53tB9shFsL2O4HUJ9DIEsah1SX1Ve5FXHA==
  dependencies:
    hast-util-sanitize "^3.0.0"
    hast-util-to-html "^7.0.0"
    mdast-util-to-hast "^9.0.0"
    xtend "^4.0.1"

remark-parse@^8.0.0:
  version "8.0.3"
  resolved "https://registry.yarnpkg.com/remark-parse/-/remark-parse-8.0.3.tgz#9c62aa3b35b79a486454c690472906075f40c7e1"
  integrity sha512-E1K9+QLGgggHxCQtLt++uXltxEprmWzNfg+MxpfHsZlrddKzZ/hZyWHDbK3/Ap8HJQqYJRXP+jHczdL6q6i85Q==
  dependencies:
    ccount "^1.0.0"
    collapse-white-space "^1.0.2"
    is-alphabetical "^1.0.0"
    is-decimal "^1.0.0"
    is-whitespace-character "^1.0.0"
    is-word-character "^1.0.0"
    markdown-escapes "^1.0.0"
    parse-entities "^2.0.0"
    repeat-string "^1.5.4"
    state-toggle "^1.0.0"
    trim "0.0.1"
    trim-trailing-lines "^1.0.0"
    unherit "^1.0.4"
    unist-util-remove-position "^2.0.0"
    vfile-location "^3.0.0"
    xtend "^4.0.1"

remark-stringify@^8.0.0:
  version "8.1.1"
  resolved "https://registry.yarnpkg.com/remark-stringify/-/remark-stringify-8.1.1.tgz#e2a9dc7a7bf44e46a155ec78996db896780d8ce5"
  integrity sha512-q4EyPZT3PcA3Eq7vPpT6bIdokXzFGp9i85igjmhRyXWmPs0Y6/d2FYwUNotKAWyLch7g0ASZJn/KHHcHZQ163A==
  dependencies:
    ccount "^1.0.0"
    is-alphanumeric "^1.0.0"
    is-decimal "^1.0.0"
    is-whitespace-character "^1.0.0"
    longest-streak "^2.0.1"
    markdown-escapes "^1.0.0"
    markdown-table "^2.0.0"
    mdast-util-compact "^2.0.0"
    parse-entities "^2.0.0"
    repeat-string "^1.5.4"
    state-toggle "^1.0.0"
    stringify-entities "^3.0.0"
    unherit "^1.0.4"
    xtend "^4.0.1"

remark@^12.0.0:
  version "12.0.1"
  resolved "https://registry.yarnpkg.com/remark/-/remark-12.0.1.tgz#f1ddf68db7be71ca2bad0a33cd3678b86b9c709f"
  integrity sha512-gS7HDonkdIaHmmP/+shCPejCEEW+liMp/t/QwmF0Xt47Rpuhl32lLtDV1uKWvGoq+kxr5jSgg5oAIpGuyULjUw==
  dependencies:
    remark-parse "^8.0.0"
    remark-stringify "^8.0.0"
    unified "^9.0.0"

repeat-string@^1.0.0, repeat-string@^1.5.4:
  version "1.6.1"
  resolved "https://registry.yarnpkg.com/repeat-string/-/repeat-string-1.6.1.tgz#8dcae470e1c88abc2d600fff4a776286da75e637"
  integrity sha1-jcrkcOHIirwtYA//Sndihtp15jc=

scheduler@^0.19.1:
  version "0.19.1"
  resolved "https://registry.yarnpkg.com/scheduler/-/scheduler-0.19.1.tgz#4f3e2ed2c1a7d65681f4c854fa8c5a1ccb40f196"
  integrity sha512-n/zwRWRYSUj0/3g/otKDRPMh6qv2SYMWNq85IEa8iZyAv8od9zDYpGSnpBEjNgcMNq6Scbu5KfIPxNF72R/2EA==
  dependencies:
    loose-envify "^1.1.0"
    object-assign "^4.1.1"

section-matter@^1.0.0:
  version "1.0.0"
  resolved "https://registry.yarnpkg.com/section-matter/-/section-matter-1.0.0.tgz#e9041953506780ec01d59f292a19c7b850b84167"
  integrity sha512-vfD3pmTzGpufjScBh50YHKzEu2lxBWhVEHsNGoEXmCmn2hKGfeNLYMzCJpe8cD7gqX7TJluOVpBkAequ6dgMmA==
  dependencies:
    extend-shallow "^2.0.1"
    kind-of "^6.0.0"

source-map-js@^1.0.1:
  version "1.0.2"
  resolved "https://registry.yarnpkg.com/source-map-js/-/source-map-js-1.0.2.tgz#adbc361d9c62df380125e7f161f71c826f1e490c"
  integrity sha512-R0XvVJ9WusLiqTCEiGCmICCMplcCkIwwR11mOSD9CR5u+IXYdiseeEuXCVAjS54zqwkLcPNnmU4OeJ6tUrWhDw==

space-separated-tokens@^1.0.0:
  version "1.1.5"
  resolved "https://registry.yarnpkg.com/space-separated-tokens/-/space-separated-tokens-1.1.5.tgz#85f32c3d10d9682007e917414ddc5c26d1aa6899"
  integrity sha512-q/JSVd1Lptzhf5bkYm4ob4iWPjx0KiRe3sRFBNrVqbJkFaBm5vbbowy1mymoPNLRa52+oadOhJ+K49wsSeSjTA==

sprintf-js@~1.0.2:
  version "1.0.3"
  resolved "https://registry.yarnpkg.com/sprintf-js/-/sprintf-js-1.0.3.tgz#04e6926f662895354f3dd015203633b857297e2c"
  integrity sha1-BOaSb2YolTVPPdAVIDYzuFcpfiw=

state-toggle@^1.0.0:
  version "1.0.3"
  resolved "https://registry.yarnpkg.com/state-toggle/-/state-toggle-1.0.3.tgz#e123b16a88e143139b09c6852221bc9815917dfe"
  integrity sha512-d/5Z4/2iiCnHw6Xzghyhb+GcmF89bxwgXG60wjIiZaxnymbyOmI8Hk4VqHXiVVp6u2ysaskFfXg3ekCj4WNftQ==

stringify-entities@^3.0.0, stringify-entities@^3.0.1:
  version "3.1.0"
  resolved "https://registry.yarnpkg.com/stringify-entities/-/stringify-entities-3.1.0.tgz#b8d3feac256d9ffcc9fa1fefdcf3ca70576ee903"
  integrity sha512-3FP+jGMmMV/ffZs86MoghGqAoqXAdxLrJP4GUdrDN1aIScYih5tuIO3eF4To5AJZ79KDZ8Fpdy7QJnK8SsL1Vg==
  dependencies:
    character-entities-html4 "^1.0.0"
    character-entities-legacy "^1.0.0"
    xtend "^4.0.0"

strip-bom-string@^1.0.0:
  version "1.0.0"
  resolved "https://registry.yarnpkg.com/strip-bom-string/-/strip-bom-string-1.0.0.tgz#e5211e9224369fbb81d633a2f00044dc8cedad92"
  integrity sha1-5SEekiQ2n7uB1jOi8ABE3IztrZI=

styled-jsx@5.0.0:
  version "5.0.0"
  resolved "https://registry.yarnpkg.com/styled-jsx/-/styled-jsx-5.0.0.tgz#816b4b92e07b1786c6b7111821750e0ba4d26e77"
  integrity sha512-qUqsWoBquEdERe10EW8vLp3jT25s/ssG1/qX5gZ4wu15OZpmSMFI2v+fWlRhLfykA5rFtlJ1ME8A8pm/peV4WA==

trim-trailing-lines@^1.0.0:
  version "1.1.4"
  resolved "https://registry.yarnpkg.com/trim-trailing-lines/-/trim-trailing-lines-1.1.4.tgz#bd4abbec7cc880462f10b2c8b5ce1d8d1ec7c2c0"
  integrity sha512-rjUWSqnfTNrjbB9NQWfPMH/xRK1deHeGsHoVfpxJ++XeYXE0d6B1En37AHfw3jtfTU7dzMzZL2jjpe8Qb5gLIQ==

trim@0.0.1:
  version "0.0.1"
  resolved "https://registry.yarnpkg.com/trim/-/trim-0.0.1.tgz#5858547f6b290757ee95cccc666fb50084c460dd"
  integrity sha1-WFhUf2spB1fulczMZm+1AITEYN0=

trough@^1.0.0:
  version "1.0.5"
  resolved "https://registry.yarnpkg.com/trough/-/trough-1.0.5.tgz#b8b639cefad7d0bb2abd37d433ff8293efa5f406"
  integrity sha512-rvuRbTarPXmMb79SmzEp8aqXNKcK+y0XaB298IXueQ8I2PsrATcPBCSPyK/dDNa2iWOhKlfNnOjdAOTBU/nkFA==

typescript@^4.1.3:
  version "4.1.3"
  resolved "https://registry.yarnpkg.com/typescript/-/typescript-4.1.3.tgz#519d582bd94cba0cf8934c7d8e8467e473f53bb7"
  integrity sha512-B3ZIOf1IKeH2ixgHhj6la6xdwR9QrLC5d1VKeCSY4tvkqhF2eqd9O7txNlS0PO3GrBAFIdr3L1ndNwteUbZLYg==

unherit@^1.0.4:
  version "1.1.3"
  resolved "https://registry.yarnpkg.com/unherit/-/unherit-1.1.3.tgz#6c9b503f2b41b262330c80e91c8614abdaa69c22"
  integrity sha512-Ft16BJcnapDKp0+J/rqFC3Rrk6Y/Ng4nzsC028k2jdDII/rdZ7Wd3pPT/6+vIIxRagwRc9K0IUX0Ra4fKvw+WQ==
  dependencies:
    inherits "^2.0.0"
    xtend "^4.0.0"

unified@^9.0.0:
  version "9.2.0"
  resolved "https://registry.yarnpkg.com/unified/-/unified-9.2.0.tgz#67a62c627c40589edebbf60f53edfd4d822027f8"
  integrity sha512-vx2Z0vY+a3YoTj8+pttM3tiJHCwY5UFbYdiWrwBEbHmK8pvsPj2rtAX2BFfgXen8T39CJWblWRDT4L5WGXtDdg==
  dependencies:
    bail "^1.0.0"
    extend "^3.0.0"
    is-buffer "^2.0.0"
    is-plain-obj "^2.0.0"
    trough "^1.0.0"
    vfile "^4.0.0"

unist-builder@^2.0.0:
  version "2.0.3"
  resolved "https://registry.yarnpkg.com/unist-builder/-/unist-builder-2.0.3.tgz#77648711b5d86af0942f334397a33c5e91516436"
  integrity sha512-f98yt5pnlMWlzP539tPc4grGMsFaQQlP/vM396b00jngsiINumNmsY8rkXjfoi1c6QaM8nQ3vaGDuoKWbe/1Uw==

unist-util-generated@^1.0.0:
  version "1.1.6"
  resolved "https://registry.yarnpkg.com/unist-util-generated/-/unist-util-generated-1.1.6.tgz#5ab51f689e2992a472beb1b35f2ce7ff2f324d4b"
  integrity sha512-cln2Mm1/CZzN5ttGK7vkoGw+RZ8VcUH6BtGbq98DDtRGquAAOXig1mrBQYelOwMXYS8rK+vZDyyojSjp7JX+Lg==

unist-util-is@^4.0.0:
  version "4.0.4"
  resolved "https://registry.yarnpkg.com/unist-util-is/-/unist-util-is-4.0.4.tgz#3e9e8de6af2eb0039a59f50c9b3e99698a924f50"
  integrity sha512-3dF39j/u423v4BBQrk1AQ2Ve1FxY5W3JKwXxVFzBODQ6WEvccguhgp802qQLKSnxPODE6WuRZtV+ohlUg4meBA==

unist-util-position@^3.0.0:
  version "3.1.0"
  resolved "https://registry.yarnpkg.com/unist-util-position/-/unist-util-position-3.1.0.tgz#1c42ee6301f8d52f47d14f62bbdb796571fa2d47"
  integrity sha512-w+PkwCbYSFw8vpgWD0v7zRCl1FpY3fjDSQ3/N/wNd9Ffa4gPi8+4keqt99N3XW6F99t/mUzp2xAhNmfKWp95QA==

unist-util-remove-position@^2.0.0:
  version "2.0.1"
  resolved "https://registry.yarnpkg.com/unist-util-remove-position/-/unist-util-remove-position-2.0.1.tgz#5d19ca79fdba712301999b2b73553ca8f3b352cc"
  integrity sha512-fDZsLYIe2uT+oGFnuZmy73K6ZxOPG/Qcm+w7jbEjaFcJgbQ6cqjs/eSPzXhsmGpAsWPkqZM9pYjww5QTn3LHMA==
  dependencies:
    unist-util-visit "^2.0.0"

unist-util-stringify-position@^2.0.0:
  version "2.0.3"
  resolved "https://registry.yarnpkg.com/unist-util-stringify-position/-/unist-util-stringify-position-2.0.3.tgz#cce3bfa1cdf85ba7375d1d5b17bdc4cada9bd9da"
  integrity sha512-3faScn5I+hy9VleOq/qNbAd6pAx7iH5jYBMS9I1HgQVijz/4mv5Bvw5iw1sC/90CODiKo81G/ps8AJrISn687g==
  dependencies:
    "@types/unist" "^2.0.2"

unist-util-visit-parents@^3.0.0:
  version "3.1.1"
  resolved "https://registry.yarnpkg.com/unist-util-visit-parents/-/unist-util-visit-parents-3.1.1.tgz#65a6ce698f78a6b0f56aa0e88f13801886cdaef6"
  integrity sha512-1KROIZWo6bcMrZEwiH2UrXDyalAa0uqzWCxCJj6lPOvTve2WkfgCytoDTPaMnodXh1WrXOq0haVYHj99ynJlsg==
  dependencies:
    "@types/unist" "^2.0.0"
    unist-util-is "^4.0.0"

unist-util-visit@^2.0.0:
  version "2.0.3"
  resolved "https://registry.yarnpkg.com/unist-util-visit/-/unist-util-visit-2.0.3.tgz#c3703893146df47203bb8a9795af47d7b971208c"
  integrity sha512-iJ4/RczbJMkD0712mGktuGpm/U4By4FfDonL7N/9tATGIF4imikjOuagyMY53tnZq3NP6BcmlrHhEKAfGWjh7Q==
  dependencies:
    "@types/unist" "^2.0.0"
    unist-util-is "^4.0.0"
    unist-util-visit-parents "^3.0.0"

use-subscription@1.5.1:
  version "1.5.1"
  resolved "https://registry.yarnpkg.com/use-subscription/-/use-subscription-1.5.1.tgz#73501107f02fad84c6dd57965beb0b75c68c42d1"
  integrity sha512-Xv2a1P/yReAjAbhylMfFplFKj9GssgTwN7RlcTxBujFQcloStWNDQdc4g4NRWH9xS4i/FDk04vQBptAXoF3VcA==
  dependencies:
    object-assign "^4.1.1"

vfile-location@^3.0.0:
  version "3.2.0"
  resolved "https://registry.yarnpkg.com/vfile-location/-/vfile-location-3.2.0.tgz#d8e41fbcbd406063669ebf6c33d56ae8721d0f3c"
  integrity sha512-aLEIZKv/oxuCDZ8lkJGhuhztf/BW4M+iHdCwglA/eWc+vtuRFJj8EtgceYFX4LRjOhCAAiNHsKGssC6onJ+jbA==

vfile-message@^2.0.0:
  version "2.0.4"
  resolved "https://registry.yarnpkg.com/vfile-message/-/vfile-message-2.0.4.tgz#5b43b88171d409eae58477d13f23dd41d52c371a"
  integrity sha512-DjssxRGkMvifUOJre00juHoP9DPWuzjxKuMDrhNbk2TdaYYBNMStsNhEOt3idrtI12VQYM/1+iM0KOzXi4pxwQ==
  dependencies:
    "@types/unist" "^2.0.0"
    unist-util-stringify-position "^2.0.0"

vfile@^4.0.0:
  version "4.2.1"
  resolved "https://registry.yarnpkg.com/vfile/-/vfile-4.2.1.tgz#03f1dce28fc625c625bc6514350fbdb00fa9e624"
  integrity sha512-O6AE4OskCG5S1emQ/4gl8zK586RqA3srz3nfK/Viy0UPToBc5Trp9BVFb1u0CjsKrAWwnpr4ifM/KBXPWwJbCA==
  dependencies:
    "@types/unist" "^2.0.0"
    is-buffer "^2.0.0"
    unist-util-stringify-position "^2.0.0"
    vfile-message "^2.0.0"

xtend@^4.0.0, xtend@^4.0.1:
  version "4.0.2"
  resolved "https://registry.yarnpkg.com/xtend/-/xtend-4.0.2.tgz#bb72779f5fa465186b1f438f674fa347fdb5db54"
  integrity sha512-LKYU1iAXJXUgAXn9URjiu+MWhyUXHsvfp7mcuYm9dSUKK0/CjtrUwFAxD82/mCWbtLsGjFIad0wIsod4zrTAEQ==
